
Microsoft Visual Studio Solution File, Format Version 12.00
# Visual Studio Version 17
VisualStudioVersion = 17.14.36203.30
MinimumVisualStudioVersion = 10.0.40219.1
Project("{2150E333-8FDC-42A3-9474-1A3956D46DE8}") = "src", "src", "{02EA681E-C7D8-13C7-8484-4AC65E1B71E8}"
EndProject
Project("{2150E333-8FDC-42A3-9474-1A3956D46DE8}") = "Services", "Services", "{ECC549F7-8069-4594-B891-7B56030F8E2C}"
EndProject
Project("{2150E333-8FDC-42A3-9474-1A3956D46DE8}") = "AuthService", "AuthService", "{6AEEABDB-D0AC-4607-96EF-051559B05295}"
EndProject
Project("{FAE04EC0-301F-11D3-BF4B-00C04F79EFBC}") = "AuthService.API", "src\Services\AuthService\AuthService.API\AuthService.API.csproj", "{7D952D52-0814-426C-98AC-ACDCBF9D59F0}"
EndProject
Project("{FAE04EC0-301F-11D3-BF4B-00C04F79EFBC}") = "AuthService.Application", "src\Services\AuthService\AuthService.Application\AuthService.Application.csproj", "{DEC7B7B1-E463-4FA1-8C12-9D47C4450421}"
EndProject
Project("{FAE04EC0-301F-11D3-BF4B-00C04F79EFBC}") = "AuthService.Domain", "src\Services\AuthService\AuthService.Domain\AuthService.Domain.csproj", "{BEE60DF8-3AFB-45C8-BB5A-DBF82B528FFF}"
EndProject
Project("{FAE04EC0-301F-11D3-BF4B-00C04F79EFBC}") = "AuthService.Infrastructure", "src\Services\AuthService\AuthService.Infrastructure\AuthService.Infrastructure.csproj", "{1EFACE03-00E1-4B4F-A457-445DE01C2ED2}"
EndProject
Project("{2150E333-8FDC-42A3-9474-1A3956D46DE8}") = "Solution Items", "Solution Items", "{8EC462FD-D22E-90A8-E5CE-7E832BA40C5D}"
	ProjectSection(SolutionItems) = preProject
		docker-compose.yml = docker-compose.yml
	EndProjectSection
EndProject
Project("{2150E333-8FDC-42A3-9474-1A3956D46DE8}") = "UploadService", "UploadService", "{5D98F5FA-9E59-4858-95D9-1DB9F2516361}"
EndProject
Project("{FAE04EC0-301F-11D3-BF4B-00C04F79EFBC}") = "UploadService.API", "src\Services\UploadService\UploadService.API\UploadService.API.csproj", "{2B5CE91B-27F8-4980-8268-D62189A3F2AC}"
EndProject
Project("{FAE04EC0-301F-11D3-BF4B-00C04F79EFBC}") = "UploadService.Application", "src\Services\UploadService\UploadService.Application\UploadService.Application.csproj", "{0BFB3441-A3D0-45FF-BD54-47CDDA896AF9}"
EndProject
Project("{FAE04EC0-301F-11D3-BF4B-00C04F79EFBC}") = "UploadService.Domain", "src\Services\UploadService\UploadService.Domain\UploadService.Domain.csproj", "{6F366284-E9E7-4520-841E-A702046C0A10}"
EndProject
Project("{FAE04EC0-301F-11D3-BF4B-00C04F79EFBC}") = "UploadService.Infrastructure", "src\Services\UploadService\UploadService.Infrastructure\UploadService.Infrastructure.csproj", "{9C979345-CC52-44D1-B921-1B2C24205979}"
EndProject
Project("{2150E333-8FDC-42A3-9474-1A3956D46DE8}") = "OCRService", "OCRService", "{210B3195-AAD8-456F-86C3-76DF34749FF5}"
EndProject
Project("{FAE04EC0-301F-11D3-BF4B-00C04F79EFBC}") = "OCRService.Worker", "src\Services\OCRService\OCRService.Worker\OCRService.Worker.csproj", "{834D7F8C-2C02-4CB3-A27D-F39E40C3A278}"
EndProject
Project("{FAE04EC0-301F-11D3-BF4B-00C04F79EFBC}") = "OCRService.Shared", "src\Services\OCRService\OCRService.Shared\OCRService.Shared.csproj", "{D53EB867-F42F-4547-AE27-7539AD07011F}"
EndProject
Project("{FAE04EC0-301F-11D3-BF4B-00C04F79EFBC}") = "OCRService.Domain", "src\Services\OCRService\OCRService.Domain\OCRService.Domain.csproj", "{D0EF0A49-17E0-402E-A9AA-0C78A87B29C3}"
EndProject
Project("{FAE04EC0-301F-11D3-BF4B-00C04F79EFBC}") = "OCRService.Infrastructure", "src\Services\OCRService\OCRService.Infrastructure\OCRService.Infrastructure.csproj", "{B06AFE45-4814-4EDB-95F8-946492244025}"
EndProject
Project("{2150E333-8FDC-42A3-9474-1A3956D46DE8}") = "ParserService", "ParserService", "{52DBB63A-5DBC-44FE-9CA9-2AB907318E8B}"
EndProject
Project("{FAE04EC0-301F-11D3-BF4B-00C04F79EFBC}") = "ParserService.API", "src\Services\ParserService\ParserService.API\ParserService.API.csproj", "{210AA01A-1406-447D-BC8C-6D2F71FA674F}"
EndProject
Project("{FAE04EC0-301F-11D3-BF4B-00C04F79EFBC}") = "ParserService.Core", "src\Services\ParserService\ParserService.Core\ParserService.Core.csproj", "{89C1DD69-B97B-4097-B753-67BB0D9D21C2}"
EndProject
Project("{FAE04EC0-301F-11D3-BF4B-00C04F79EFBC}") = "ParserService.Infrastructure", "src\Services\ParserService\ParserService.Infrastructure\ParserService.Infrastructure.csproj", "{21842E96-BACC-4337-BB26-FB35B967E7B3}"
EndProject
Global
	GlobalSection(SolutionConfigurationPlatforms) = preSolution
		Debug|Any CPU = Debug|Any CPU
		Release|Any CPU = Release|Any CPU
	EndGlobalSection
	GlobalSection(ProjectConfigurationPlatforms) = postSolution
		{7D952D52-0814-426C-98AC-ACDCBF9D59F0}.Debug|Any CPU.ActiveCfg = Debug|Any CPU
		{7D952D52-0814-426C-98AC-ACDCBF9D59F0}.Debug|Any CPU.Build.0 = Debug|Any CPU
		{7D952D52-0814-426C-98AC-ACDCBF9D59F0}.Release|Any CPU.ActiveCfg = Release|Any CPU
		{7D952D52-0814-426C-98AC-ACDCBF9D59F0}.Release|Any CPU.Build.0 = Release|Any CPU
		{DEC7B7B1-E463-4FA1-8C12-9D47C4450421}.Debug|Any CPU.ActiveCfg = Debug|Any CPU
		{DEC7B7B1-E463-4FA1-8C12-9D47C4450421}.Debug|Any CPU.Build.0 = Debug|Any CPU
		{DEC7B7B1-E463-4FA1-8C12-9D47C4450421}.Release|Any CPU.ActiveCfg = Release|Any CPU
		{DEC7B7B1-E463-4FA1-8C12-9D47C4450421}.Release|Any CPU.Build.0 = Release|Any CPU
		{BEE60DF8-3AFB-45C8-BB5A-DBF82B528FFF}.Debug|Any CPU.ActiveCfg = Debug|Any CPU
		{BEE60DF8-3AFB-45C8-BB5A-DBF82B528FFF}.Debug|Any CPU.Build.0 = Debug|Any CPU
		{BEE60DF8-3AFB-45C8-BB5A-DBF82B528FFF}.Release|Any CPU.ActiveCfg = Release|Any CPU
		{BEE60DF8-3AFB-45C8-BB5A-DBF82B528FFF}.Release|Any CPU.Build.0 = Release|Any CPU
		{1EFACE03-00E1-4B4F-A457-445DE01C2ED2}.Debug|Any CPU.ActiveCfg = Debug|Any CPU
		{1EFACE03-00E1-4B4F-A457-445DE01C2ED2}.Debug|Any CPU.Build.0 = Debug|Any CPU
		{1EFACE03-00E1-4B4F-A457-445DE01C2ED2}.Release|Any CPU.ActiveCfg = Release|Any CPU
		{1EFACE03-00E1-4B4F-A457-445DE01C2ED2}.Release|Any CPU.Build.0 = Release|Any CPU
		{2B5CE91B-27F8-4980-8268-D62189A3F2AC}.Debug|Any CPU.ActiveCfg = Debug|Any CPU
		{2B5CE91B-27F8-4980-8268-D62189A3F2AC}.Debug|Any CPU.Build.0 = Debug|Any CPU
		{2B5CE91B-27F8-4980-8268-D62189A3F2AC}.Release|Any CPU.ActiveCfg = Release|Any CPU
		{2B5CE91B-27F8-4980-8268-D62189A3F2AC}.Release|Any CPU.Build.0 = Release|Any CPU
		{0BFB3441-A3D0-45FF-BD54-47CDDA896AF9}.Debug|Any CPU.ActiveCfg = Debug|Any CPU
		{0BFB3441-A3D0-45FF-BD54-47CDDA896AF9}.Debug|Any CPU.Build.0 = Debug|Any CPU
		{0BFB3441-A3D0-45FF-BD54-47CDDA896AF9}.Release|Any CPU.ActiveCfg = Release|Any CPU
		{0BFB3441-A3D0-45FF-BD54-47CDDA896AF9}.Release|Any CPU.Build.0 = Release|Any CPU
		{6F366284-E9E7-4520-841E-A702046C0A10}.Debug|Any CPU.ActiveCfg = Debug|Any CPU
		{6F366284-E9E7-4520-841E-A702046C0A10}.Debug|Any CPU.Build.0 = Debug|Any CPU
		{6F366284-E9E7-4520-841E-A702046C0A10}.Release|Any CPU.ActiveCfg = Release|Any CPU
		{6F366284-E9E7-4520-841E-A702046C0A10}.Release|Any CPU.Build.0 = Release|Any CPU
		{9C979345-CC52-44D1-B921-1B2C24205979}.Debug|Any CPU.ActiveCfg = Debug|Any CPU
		{9C979345-CC52-44D1-B921-1B2C24205979}.Debug|Any CPU.Build.0 = Debug|Any CPU
		{9C979345-CC52-44D1-B921-1B2C24205979}.Release|Any CPU.ActiveCfg = Release|Any CPU
		{9C979345-CC52-44D1-B921-1B2C24205979}.Release|Any CPU.Build.0 = Release|Any CPU
		{834D7F8C-2C02-4CB3-A27D-F39E40C3A278}.Debug|Any CPU.ActiveCfg = Debug|Any CPU
		{834D7F8C-2C02-4CB3-A27D-F39E40C3A278}.Debug|Any CPU.Build.0 = Debug|Any CPU
		{834D7F8C-2C02-4CB3-A27D-F39E40C3A278}.Release|Any CPU.ActiveCfg = Release|Any CPU
		{834D7F8C-2C02-4CB3-A27D-F39E40C3A278}.Release|Any CPU.Build.0 = Release|Any CPU
		{D53EB867-F42F-4547-AE27-7539AD07011F}.Debug|Any CPU.ActiveCfg = Debug|Any CPU
		{D53EB867-F42F-4547-AE27-7539AD07011F}.Debug|Any CPU.Build.0 = Debug|Any CPU
		{D53EB867-F42F-4547-AE27-7539AD07011F}.Release|Any CPU.ActiveCfg = Release|Any CPU
		{D53EB867-F42F-4547-AE27-7539AD07011F}.Release|Any CPU.Build.0 = Release|Any CPU
		{D0EF0A49-17E0-402E-A9AA-0C78A87B29C3}.Debug|Any CPU.ActiveCfg = Debug|Any CPU
		{D0EF0A49-17E0-402E-A9AA-0C78A87B29C3}.Debug|Any CPU.Build.0 = Debug|Any CPU
		{D0EF0A49-17E0-402E-A9AA-0C78A87B29C3}.Release|Any CPU.ActiveCfg = Release|Any CPU
		{D0EF0A49-17E0-402E-A9AA-0C78A87B29C3}.Release|Any CPU.Build.0 = Release|Any CPU
		{B06AFE45-4814-4EDB-95F8-946492244025}.Debug|Any CPU.ActiveCfg = Debug|Any CPU
		{B06AFE45-4814-4EDB-95F8-946492244025}.Debug|Any CPU.Build.0 = Debug|Any CPU
		{B06AFE45-4814-4EDB-95F8-946492244025}.Release|Any CPU.ActiveCfg = Release|Any CPU
		{B06AFE45-4814-4EDB-95F8-946492244025}.Release|Any CPU.Build.0 = Release|Any CPU
		{210AA01A-1406-447D-BC8C-6D2F71FA674F}.Debug|Any CPU.ActiveCfg = Debug|Any CPU
		{210AA01A-1406-447D-BC8C-6D2F71FA674F}.Debug|Any CPU.Build.0 = Debug|Any CPU
		{210AA01A-1406-447D-BC8C-6D2F71FA674F}.Release|Any CPU.ActiveCfg = Release|Any CPU
		{210AA01A-1406-447D-BC8C-6D2F71FA674F}.Release|Any CPU.Build.0 = Release|Any CPU
		{89C1DD69-B97B-4097-B753-67BB0D9D21C2}.Debug|Any CPU.ActiveCfg = Debug|Any CPU
		{89C1DD69-B97B-4097-B753-67BB0D9D21C2}.Debug|Any CPU.Build.0 = Debug|Any CPU
		{89C1DD69-B97B-4097-B753-67BB0D9D21C2}.Release|Any CPU.ActiveCfg = Release|Any CPU
		{89C1DD69-B97B-4097-B753-67BB0D9D21C2}.Release|Any CPU.Build.0 = Release|Any CPU
		{21842E96-BACC-4337-BB26-FB35B967E7B3}.Debug|Any CPU.ActiveCfg = Debug|Any CPU
		{21842E96-BACC-4337-BB26-FB35B967E7B3}.Debug|Any CPU.Build.0 = Debug|Any CPU
		{21842E96-BACC-4337-BB26-FB35B967E7B3}.Release|Any CPU.ActiveCfg = Release|Any CPU
		{21842E96-BACC-4337-BB26-FB35B967E7B3}.Release|Any CPU.Build.0 = Release|Any CPU
	EndGlobalSection
	GlobalSection(SolutionProperties) = preSolution
		HideSolutionNode = FALSE
	EndGlobalSection
	GlobalSection(NestedProjects) = preSolution
		{ECC549F7-8069-4594-B891-7B56030F8E2C} = {02EA681E-C7D8-13C7-8484-4AC65E1B71E8}
		{6AEEABDB-D0AC-4607-96EF-051559B05295} = {ECC549F7-8069-4594-B891-7B56030F8E2C}
		{7D952D52-0814-426C-98AC-ACDCBF9D59F0} = {6AEEABDB-D0AC-4607-96EF-051559B05295}
		{DEC7B7B1-E463-4FA1-8C12-9D47C4450421} = {6AEEABDB-D0AC-4607-96EF-051559B05295}
		{BEE60DF8-3AFB-45C8-BB5A-DBF82B528FFF} = {6AEEABDB-D0AC-4607-96EF-051559B05295}
		{1EFACE03-00E1-4B4F-A457-445DE01C2ED2} = {6AEEABDB-D0AC-4607-96EF-051559B05295}
		{5D98F5FA-9E59-4858-95D9-1DB9F2516361} = {ECC549F7-8069-4594-B891-7B56030F8E2C}
		{2B5CE91B-27F8-4980-8268-D62189A3F2AC} = {5D98F5FA-9E59-4858-95D9-1DB9F2516361}
		{0BFB3441-A3D0-45FF-BD54-47CDDA896AF9} = {5D98F5FA-9E59-4858-95D9-1DB9F2516361}
		{6F366284-E9E7-4520-841E-A702046C0A10} = {5D98F5FA-9E59-4858-95D9-1DB9F2516361}
		{9C979345-CC52-44D1-B921-1B2C24205979} = {5D98F5FA-9E59-4858-95D9-1DB9F2516361}
		{210B3195-AAD8-456F-86C3-76DF34749FF5} = {ECC549F7-8069-4594-B891-7B56030F8E2C}
		{834D7F8C-2C02-4CB3-A27D-F39E40C3A278} = {210B3195-AAD8-456F-86C3-76DF34749FF5}
		{D53EB867-F42F-4547-AE27-7539AD07011F} = {210B3195-AAD8-456F-86C3-76DF34749FF5}
		{D0EF0A49-17E0-402E-A9AA-0C78A87B29C3} = {210B3195-AAD8-456F-86C3-76DF34749FF5}
		{B06AFE45-4814-4EDB-95F8-946492244025} = {210B3195-AAD8-456F-86C3-76DF34749FF5}
		{52DBB63A-5DBC-44FE-9CA9-2AB907318E8B} = {ECC549F7-8069-4594-B891-7B56030F8E2C}
		{210AA01A-1406-447D-BC8C-6D2F71FA674F} = {52DBB63A-5DBC-44FE-9CA9-2AB907318E8B}
		{89C1DD69-B97B-4097-B753-67BB0D9D21C2} = {52DBB63A-5DBC-44FE-9CA9-2AB907318E8B}
		{21842E96-BACC-4337-BB26-FB35B967E7B3} = {52DBB63A-5DBC-44FE-9CA9-2AB907318E8B}
	EndGlobalSection
	GlobalSection(ExtensibilityGlobals) = postSolution
		SolutionGuid = {28677A93-26B0-4DF0-B77A-AA9F025F7AD0}
	EndGlobalSection
EndGlobal
